
Microsoft Visual Studio Solution File, Format Version 12.00
# Visual Studio Version 16
VisualStudioVersion = 16.0.30320.27
MinimumVisualStudioVersion = 10.0.40219.1
Project("{FAE04EC0-301F-11D3-BF4B-00C04F79EFBC}") = "TestForm", "TestForm.csproj", "{5474F0F7-F90A-4460-AA38-FD34238AF769}"
EndProject
Global
	GlobalSection(SolutionConfigurationPlatforms) = preSolution
		Debug|Any CPU = Debug|Any CPU
		Release|Any CPU = Release|Any CPU
	EndGlobalSection
	GlobalSection(ProjectConfigurationPlatforms) = postSolution
		{5474F0F7-F90A-4460-AA38-FD34238AF769}.Debug|Any CPU.ActiveCfg = Debug|Any CPU
		{5474F0F7-F90A-4460-AA38-FD34238AF769}.Debug|Any CPU.Build.0 = Debug|Any CPU
		{5474F0F7-F90A-4460-AA38-FD34238AF769}.Release|Any CPU.ActiveCfg = Release|Any CPU
		{5474F0F7-F90A-4460-AA38-FD34238AF769}.Release|Any CPU.Build.0 = Release|Any CPU
	EndGlobalSection
	GlobalSection(SolutionProperties) = preSolution
		HideSolutionNode = FALSE
	EndGlobalSection
	GlobalSection(ExtensibilityGlobals) = postSolution
		SolutionGuid = {6387411F-C1BB-4645-B3B5-EFC09718BEF8}
	EndGlobalSection
EndGlobal
